
Microsoft Visual Studio Solution File, Format Version 12.00
# Visual Studio Version 17
VisualStudioVersion = 17.14.36414.22 d17.14
MinimumVisualStudioVersion = 10.0.40219.1
Project("{FAE04EC0-301F-11D3-BF4B-00C04F79EFBC}") = "ProjEstacionamento", "ProjEstacionamento.csproj", "{CF907D74-0FE7-4009-8343-C58BC4670F6D}"
EndProject
Global
	GlobalSection(SolutionConfigurationPlatforms) = preSolution
		Debug|Any CPU = Debug|Any CPU
		Release|Any CPU = Release|Any CPU
	EndGlobalSection
	GlobalSection(ProjectConfigurationPlatforms) = postSolution
		{CF907D74-0FE7-4009-8343-C58BC4670F6D}.Debug|Any CPU.ActiveCfg = Debug|Any CPU
		{CF907D74-0FE7-4009-8343-C58BC4670F6D}.Debug|Any CPU.Build.0 = Debug|Any CPU
		{CF907D74-0FE7-4009-8343-C58BC4670F6D}.Release|Any CPU.ActiveCfg = Release|Any CPU
		{CF907D74-0FE7-4009-8343-C58BC4670F6D}.Release|Any CPU.Build.0 = Release|Any CPU
	EndGlobalSection
	GlobalSection(SolutionProperties) = preSolution
		HideSolutionNode = FALSE
	EndGlobalSection
	GlobalSection(ExtensibilityGlobals) = postSolution
		SolutionGuid = {048753B8-3683-4289-A191-9A086831F705}
	EndGlobalSection
EndGlobal
